
Microsoft Visual Studio Solution File, Format Version 12.00
# Visual Studio Version 16
VisualStudioVersion = 16.0.30011.22
MinimumVisualStudioVersion = 10.0.40219.1
Project("{9A19103F-16F7-4668-BE54-9A1E7A4F7556}") = "ProgramTp3", "TP1 Soluçao\ProgramTp3.csproj", "{97E6DAA7-6B70-4316-A19E-D63FDBDD7929}"
EndProject
Project("{9A19103F-16F7-4668-BE54-9A1E7A4F7556}") = "AniversarioModel", "Aniversariantes\AniversarioModel.csproj", "{D0511FA8-5704-4ECF-B5BA-067F0EFF0953}"
EndProject
Project("{9A19103F-16F7-4668-BE54-9A1E7A4F7556}") = "AniversarioDados", "AniversarioDados\AniversarioDados.csproj", "{BF07DC06-B970-421C-B004-D296033F6393}"
EndProject
Global
	GlobalSection(SolutionConfigurationPlatforms) = preSolution
		Debug|Any CPU = Debug|Any CPU
		Release|Any CPU = Release|Any CPU
	EndGlobalSection
	GlobalSection(ProjectConfigurationPlatforms) = postSolution
		{97E6DAA7-6B70-4316-A19E-D63FDBDD7929}.Debug|Any CPU.ActiveCfg = Debug|Any CPU
		{97E6DAA7-6B70-4316-A19E-D63FDBDD7929}.Debug|Any CPU.Build.0 = Debug|Any CPU
		{97E6DAA7-6B70-4316-A19E-D63FDBDD7929}.Release|Any CPU.ActiveCfg = Release|Any CPU
		{97E6DAA7-6B70-4316-A19E-D63FDBDD7929}.Release|Any CPU.Build.0 = Release|Any CPU
		{D0511FA8-5704-4ECF-B5BA-067F0EFF0953}.Debug|Any CPU.ActiveCfg = Debug|Any CPU
		{D0511FA8-5704-4ECF-B5BA-067F0EFF0953}.Debug|Any CPU.Build.0 = Debug|Any CPU
		{D0511FA8-5704-4ECF-B5BA-067F0EFF0953}.Release|Any CPU.ActiveCfg = Release|Any CPU
		{D0511FA8-5704-4ECF-B5BA-067F0EFF0953}.Release|Any CPU.Build.0 = Release|Any CPU
		{BF07DC06-B970-421C-B004-D296033F6393}.Debug|Any CPU.ActiveCfg = Debug|Any CPU
		{BF07DC06-B970-421C-B004-D296033F6393}.Debug|Any CPU.Build.0 = Debug|Any CPU
		{BF07DC06-B970-421C-B004-D296033F6393}.Release|Any CPU.ActiveCfg = Release|Any CPU
		{BF07DC06-B970-421C-B004-D296033F6393}.Release|Any CPU.Build.0 = Release|Any CPU
	EndGlobalSection
	GlobalSection(SolutionProperties) = preSolution
		HideSolutionNode = FALSE
	EndGlobalSection
	GlobalSection(ExtensibilityGlobals) = postSolution
		SolutionGuid = {F76DBD14-F216-4787-BCAF-B80CEDBB1DD4}
	EndGlobalSection
EndGlobal
